{
	"name": "circom.party",
	"version": "0.0.0",
	"lockfileVersion": 2,
	"requires": true,
	"packages": {
		"": {
			"name": "circom.party",
			"version": "0.0.0",
			"license": "MIT",
			"dependencies": {
				"@codemirror/basic-setup": "^0.19.1",
				"@codemirror/commands": "^0.19.6",
				"@codemirror/highlight": "^0.19.6",
				"@codemirror/language": "^0.19.7",
				"@codemirror/state": "^0.19.6",
				"@codemirror/text": "^0.19.5",
				"@codemirror/view": "^0.19.33",
				"@lezer/common": "^0.15.11",
				"@types/react": "^17.0.37",
				"@types/react-dom": "^17.0.11",
				"codemirror-lang-circom": "0.0.5",
				"react": "^17.0.2",
				"react-dom": "^17.0.2"
			},
			"devDependencies": {
				"esbuild": "^0.14.2"
			}
		},
		"node_modules/@codemirror/autocomplete": {
			"version": "0.19.9",
			"resolved": "https://registry.npmjs.org/@codemirror/autocomplete/-/autocomplete-0.19.9.tgz",
			"integrity": "sha512-Ph1LWHtFFqNUIqEVrws6I263ihe5TH+TRBPwxQ78j7st7Q67FDAmgKX6mNbUPh02dxfqQrc9qxlo5JIqKeiVdg==",
			"dependencies": {
				"@codemirror/language": "^0.19.0",
				"@codemirror/state": "^0.19.4",
				"@codemirror/text": "^0.19.2",
				"@codemirror/tooltip": "^0.19.0",
				"@codemirror/view": "^0.19.0",
				"@lezer/common": "^0.15.0"
			}
		},
		"node_modules/@codemirror/basic-setup": {
			"version": "0.19.1",
			"resolved": "https://registry.npmjs.org/@codemirror/basic-setup/-/basic-setup-0.19.1.tgz",
			"integrity": "sha512-gLjD7YgZU/we6BzS/ecCmD3viw83dsgv5ZUaSydYbYx9X4w4w9RqYnckcJ+0GDyHfNr5Jtfv2Z5ZtFQnBj0UDA==",
			"dependencies": {
				"@codemirror/autocomplete": "^0.19.0",
				"@codemirror/closebrackets": "^0.19.0",
				"@codemirror/commands": "^0.19.0",
				"@codemirror/comment": "^0.19.0",
				"@codemirror/fold": "^0.19.0",
				"@codemirror/gutter": "^0.19.0",
				"@codemirror/highlight": "^0.19.0",
				"@codemirror/history": "^0.19.0",
				"@codemirror/language": "^0.19.0",
				"@codemirror/lint": "^0.19.0",
				"@codemirror/matchbrackets": "^0.19.0",
				"@codemirror/rectangular-selection": "^0.19.0",
				"@codemirror/search": "^0.19.0",
				"@codemirror/state": "^0.19.0",
				"@codemirror/view": "^0.19.31"
			}
		},
		"node_modules/@codemirror/closebrackets": {
			"version": "0.19.0",
			"resolved": "https://registry.npmjs.org/@codemirror/closebrackets/-/closebrackets-0.19.0.tgz",
			"integrity": "sha512-dFWX5OEVYWRNtGaifSbwIAlymnRRjxWMiMbffbAjF7p0zfGHDbdGkiT56q3Xud63h5/tQdSo5dK1iyNTzHz5vg==",
			"dependencies": {
				"@codemirror/language": "^0.19.0",
				"@codemirror/rangeset": "^0.19.0",
				"@codemirror/state": "^0.19.0",
				"@codemirror/text": "^0.19.0",
				"@codemirror/view": "^0.19.0"
			}
		},
		"node_modules/@codemirror/commands": {
			"version": "0.19.6",
			"resolved": "https://registry.npmjs.org/@codemirror/commands/-/commands-0.19.6.tgz",
			"integrity": "sha512-Mjc3ZfTifOn0h5499xI3MfCVIZvO2I0ochgzxfRtPOFwfXX/k7HTgnK0/KzuGDINyxUVeDaFCkf53TyyWjdxMQ==",
			"dependencies": {
				"@codemirror/language": "^0.19.0",
				"@codemirror/matchbrackets": "^0.19.0",
				"@codemirror/state": "^0.19.2",
				"@codemirror/text": "^0.19.0",
				"@codemirror/view": "^0.19.22",
				"@lezer/common": "^0.15.0"
			}
		},
		"node_modules/@codemirror/comment": {
			"version": "0.19.0",
			"resolved": "https://registry.npmjs.org/@codemirror/comment/-/comment-0.19.0.tgz",
			"integrity": "sha512-3hqAd0548fxqOBm4khFMcXVIivX8p0bSlbAuZJ6PNoUn/0wXhxkxowPp0FmFzU2+y37Z+ZQF5cRB5EREWPRIiQ==",
			"dependencies": {
				"@codemirror/state": "^0.19.0",
				"@codemirror/text": "^0.19.0",
				"@codemirror/view": "^0.19.0"
			}
		},
		"node_modules/@codemirror/fold": {
			"version": "0.19.2",
			"resolved": "https://registry.npmjs.org/@codemirror/fold/-/fold-0.19.2.tgz",
			"integrity": "sha512-FLi6RBhHPBnSbKZEu1S98z+VYSP5678cMdYVqhR58OWWTkEiLRVPeCTj8FhRKNL9B8Gx+lBQhGq3uwr3KtSs8w==",
			"dependencies": {
				"@codemirror/gutter": "^0.19.0",
				"@codemirror/language": "^0.19.0",
				"@codemirror/rangeset": "^0.19.0",
				"@codemirror/state": "^0.19.0",
				"@codemirror/view": "^0.19.22"
			}
		},
		"node_modules/@codemirror/gutter": {
			"version": "0.19.9",
			"resolved": "https://registry.npmjs.org/@codemirror/gutter/-/gutter-0.19.9.tgz",
			"integrity": "sha512-PFrtmilahin1g6uL27aG5tM/rqR9DZzZYZsIrCXA5Uc2OFTFqx4owuhoU9hqfYxHp5ovfvBwQ+txFzqS4vog6Q==",
			"dependencies": {
				"@codemirror/rangeset": "^0.19.0",
				"@codemirror/state": "^0.19.0",
				"@codemirror/view": "^0.19.23"
			}
		},
		"node_modules/@codemirror/highlight": {
			"version": "0.19.6",
			"resolved": "https://registry.npmjs.org/@codemirror/highlight/-/highlight-0.19.6.tgz",
			"integrity": "sha512-+eibu6on9quY8uN3xJ/n3rH+YIDLlpX7YulVmFvqAIz/ukRQ5tWaBmB7fMixHmnmRIRBRZgB8rNtonuMwZSAHQ==",
			"dependencies": {
				"@codemirror/language": "^0.19.0",
				"@codemirror/rangeset": "^0.19.0",
				"@codemirror/state": "^0.19.0",
				"@codemirror/view": "^0.19.0",
				"@lezer/common": "^0.15.0",
				"style-mod": "^4.0.0"
			}
		},
		"node_modules/@codemirror/history": {
			"version": "0.19.0",
			"resolved": "https://registry.npmjs.org/@codemirror/history/-/history-0.19.0.tgz",
			"integrity": "sha512-E0H+lncH66IMDhaND9jgkjE7s0dhYfjCPmS+Ig2Yes9I8+UIEecIdObj8c8HPCFGctGg3fxXqRAw2mdHl2Wouw==",
			"dependencies": {
				"@codemirror/state": "^0.19.0",
				"@codemirror/view": "^0.19.0"
			}
		},
		"node_modules/@codemirror/language": {
			"version": "0.19.7",
			"resolved": "https://registry.npmjs.org/@codemirror/language/-/language-0.19.7.tgz",
			"integrity": "sha512-pNNUtYWMIMG0lUSKyUXJr8U0rFiCKsKFXbA2Oj17PC+S1FY99hV0z1vcntW67ekAIZw9DMEUQnLsKBuIbAUX7Q==",
			"dependencies": {
				"@codemirror/state": "^0.19.0",
				"@codemirror/text": "^0.19.0",
				"@codemirror/view": "^0.19.0",
				"@lezer/common": "^0.15.5",
				"@lezer/lr": "^0.15.0"
			}
		},
		"node_modules/@codemirror/lint": {
			"version": "0.19.3",
			"resolved": "https://registry.npmjs.org/@codemirror/lint/-/lint-0.19.3.tgz",
			"integrity": "sha512-+c39s05ybD2NjghxkPFsUbH/qBL0cdzKmtHbzUm0RVspeL2OiP7uHYJ6J5+Qr9RjMIPWzcqSauRqxfmCrctUfg==",
			"dependencies": {
				"@codemirror/gutter": "^0.19.4",
				"@codemirror/panel": "^0.19.0",
				"@codemirror/rangeset": "^0.19.1",
				"@codemirror/state": "^0.19.4",
				"@codemirror/tooltip": "^0.19.5",
				"@codemirror/view": "^0.19.0",
				"crelt": "^1.0.5"
			}
		},
		"node_modules/@codemirror/matchbrackets": {
			"version": "0.19.3",
			"resolved": "https://registry.npmjs.org/@codemirror/matchbrackets/-/matchbrackets-0.19.3.tgz",
			"integrity": "sha512-ljkrBxaLgh8jesroUiBa57pdEwqJamxkukXrJpL9LdyFZVJaF+9TldhztRaMsMZO1XnCSSHQ9sg32iuHo7Sc2g==",
			"dependencies": {
				"@codemirror/language": "^0.19.0",
				"@codemirror/state": "^0.19.0",
				"@codemirror/view": "^0.19.0",
				"@lezer/common": "^0.15.0"
			}
		},
		"node_modules/@codemirror/panel": {
			"version": "0.19.1",
			"resolved": "https://registry.npmjs.org/@codemirror/panel/-/panel-0.19.1.tgz",
			"integrity": "sha512-sYeOCMA3KRYxZYJYn5PNlt9yNsjy3zTNTrbYSfVgjgL9QomIVgOJWPO5hZ2sTN8lufO6lw0vTBsIPL9MSidmBg==",
			"dependencies": {
				"@codemirror/state": "^0.19.0",
				"@codemirror/view": "^0.19.0"
			}
		},
		"node_modules/@codemirror/rangeset": {
			"version": "0.19.5",
			"resolved": "https://registry.npmjs.org/@codemirror/rangeset/-/rangeset-0.19.5.tgz",
			"integrity": "sha512-L3b+RIwIRKOJ3pJLOtpkxCUjGnxZKFyPb0CjYWKnVLuzEIaEExWWK7sp6rsejxOy8RjYzfCHlFhYB4UdQN7brw==",
			"dependencies": {
				"@codemirror/state": "^0.19.0"
			}
		},
		"node_modules/@codemirror/rectangular-selection": {
			"version": "0.19.1",
			"resolved": "https://registry.npmjs.org/@codemirror/rectangular-selection/-/rectangular-selection-0.19.1.tgz",
			"integrity": "sha512-9ElnqOg3mpZIWe0prPRd1SZ48Q9QB3bR8Aocq8UtjboJSUG8ABhRrbuTZMW/rMqpBPSjVpCe9xkCCkEQMYQVmw==",
			"dependencies": {
				"@codemirror/state": "^0.19.0",
				"@codemirror/text": "^0.19.4",
				"@codemirror/view": "^0.19.0"
			}
		},
		"node_modules/@codemirror/search": {
			"version": "0.19.5",
			"resolved": "https://registry.npmjs.org/@codemirror/search/-/search-0.19.5.tgz",
			"integrity": "sha512-9kbtCBpMDlzcj7AptMRBx9BZpC5wz+/tG8nIe4vdpOszP08ZY2AcxN5nlhCoUSZu+pd0b6fYiwjLXOf000rRpw==",
			"dependencies": {
				"@codemirror/panel": "^0.19.0",
				"@codemirror/rangeset": "^0.19.0",
				"@codemirror/state": "^0.19.3",
				"@codemirror/text": "^0.19.0",
				"@codemirror/view": "^0.19.0",
				"crelt": "^1.0.5"
			}
		},
		"node_modules/@codemirror/state": {
			"version": "0.19.6",
			"resolved": "https://registry.npmjs.org/@codemirror/state/-/state-0.19.6.tgz",
			"integrity": "sha512-sqIQZE9VqwQj7D4c2oz9mfLhlT1ElAzGB5lO1lE33BPyrdNy1cJyCIOecT4cn4VeJOFrnjOeu+IftZ3zqdFETw==",
			"dependencies": {
				"@codemirror/text": "^0.19.0"
			}
		},
		"node_modules/@codemirror/text": {
			"version": "0.19.5",
			"resolved": "https://registry.npmjs.org/@codemirror/text/-/text-0.19.5.tgz",
			"integrity": "sha512-Syu5Xc7tZzeUAM/y4fETkT0zgGr48rDG+w4U38bPwSIUr+L9S/7w2wDE1WGNzjaZPz12F6gb1gxWiSTg9ocLow=="
		},
		"node_modules/@codemirror/tooltip": {
			"version": "0.19.10",
			"resolved": "https://registry.npmjs.org/@codemirror/tooltip/-/tooltip-0.19.10.tgz",
			"integrity": "sha512-xqIhCHr+IYoamdNLvBnU/oDh92zPnsbT1zLaFtKTFi9GI9SxOfBhWY3jfMENlK0j1C9rk8+AvwpXblPGvY/O6w==",
			"dependencies": {
				"@codemirror/state": "^0.19.0",
				"@codemirror/view": "^0.19.0"
			}
		},
		"node_modules/@codemirror/view": {
			"version": "0.19.36",
			"resolved": "https://registry.npmjs.org/@codemirror/view/-/view-0.19.36.tgz",
			"integrity": "sha512-GvLLhQAdVyR5BxFprxDKpU2C8eQXdGwRvrtvyGFHH4h3ikYO5JH6PbhU+7l7hFJzI9QzmYn/0/eNVw+2Y537pA==",
			"dependencies": {
				"@codemirror/rangeset": "^0.19.5",
				"@codemirror/state": "^0.19.3",
				"@codemirror/text": "^0.19.0",
				"style-mod": "^4.0.0",
				"w3c-keyname": "^2.2.4"
			}
		},
		"node_modules/@lezer/common": {
			"version": "0.15.11",
			"resolved": "https://registry.npmjs.org/@lezer/common/-/common-0.15.11.tgz",
			"integrity": "sha512-vv0nSdIaVCRcJ8rPuDdsrNVfBOYe/4Szr/LhF929XyDmBndLDuWiCCHooGlGlJfzELyO608AyDhVsuX/ZG36NA=="
		},
		"node_modules/@lezer/lr": {
			"version": "0.15.5",
			"resolved": "https://registry.npmjs.org/@lezer/lr/-/lr-0.15.5.tgz",
			"integrity": "sha512-DEcLyhdmBxD1foQe7RegLrSlfS/XaTMGLkO5evkzHWAQKh/JnFWp7j7iNB7s2EpxzRrBCh0U+W7JDCeFhv2mng==",
			"dependencies": {
				"@lezer/common": "^0.15.0"
			}
		},
		"node_modules/@types/prop-types": {
			"version": "15.7.4",
			"resolved": "https://registry.npmjs.org/@types/prop-types/-/prop-types-15.7.4.tgz",
			"integrity": "sha512-rZ5drC/jWjrArrS8BR6SIr4cWpW09RNTYt9AMZo3Jwwif+iacXAqgVjm0B0Bv/S1jhDXKHqRVNCbACkJ89RAnQ=="
		},
		"node_modules/@types/react": {
			"version": "17.0.37",
			"resolved": "https://registry.npmjs.org/@types/react/-/react-17.0.37.tgz",
			"integrity": "sha512-2FS1oTqBGcH/s0E+CjrCCR9+JMpsu9b69RTFO+40ua43ZqP5MmQ4iUde/dMjWR909KxZwmOQIFq6AV6NjEG5xg==",
			"dependencies": {
				"@types/prop-types": "*",
				"@types/scheduler": "*",
				"csstype": "^3.0.2"
			}
		},
		"node_modules/@types/react-dom": {
			"version": "17.0.11",
			"resolved": "https://registry.npmjs.org/@types/react-dom/-/react-dom-17.0.11.tgz",
			"integrity": "sha512-f96K3k+24RaLGVu/Y2Ng3e1EbZ8/cVJvypZWd7cy0ofCBaf2lcM46xNhycMZ2xGwbBjRql7hOlZ+e2WlJ5MH3Q==",
			"dependencies": {
				"@types/react": "*"
			}
		},
		"node_modules/@types/scheduler": {
			"version": "0.16.2",
			"resolved": "https://registry.npmjs.org/@types/scheduler/-/scheduler-0.16.2.tgz",
			"integrity": "sha512-hppQEBDmlwhFAXKJX2KnWLYu5yMfi91yazPb2l+lbJiwW+wdo1gNeRA+3RgNSO39WYX2euey41KEwnqesU2Jew=="
		},
		"node_modules/codemirror-lang-circom": {
			"version": "0.0.5",
			"resolved": "https://registry.npmjs.org/codemirror-lang-circom/-/codemirror-lang-circom-0.0.5.tgz",
			"integrity": "sha512-hFByfYTqlLN0YpPDH0MMwDInsBJkhY4ZzGpCfGLRhdVFysKOWrzPHq0vRKPS7PGwzN8uqk0AFRVcAh2PmaPoyw==",
			"dependencies": {
				"@codemirror/highlight": "^0.19.6",
				"@codemirror/language": "^0.19.5",
				"@codemirror/lint": "^0.19.3",
				"@lezer/common": "^0.15.8",
				"lezer-circom": "0.0.3"
			}
		},
		"node_modules/crelt": {
			"version": "1.0.5",
			"resolved": "https://registry.npmjs.org/crelt/-/crelt-1.0.5.tgz",
			"integrity": "sha512-+BO9wPPi+DWTDcNYhr/W90myha8ptzftZT+LwcmUbbok0rcP/fequmFYCw8NMoH7pkAZQzU78b3kYrlua5a9eA=="
		},
		"node_modules/csstype": {
			"version": "3.0.10",
			"resolved": "https://registry.npmjs.org/csstype/-/csstype-3.0.10.tgz",
			"integrity": "sha512-2u44ZG2OcNUO9HDp/Jl8C07x6pU/eTR3ncV91SiK3dhG9TWvRVsCoJw14Ckx5DgWkzGA3waZWO3d7pgqpUI/XA=="
		},
		"node_modules/esbuild": {
			"version": "0.14.7",
			"resolved": "https://registry.npmjs.org/esbuild/-/esbuild-0.14.7.tgz",
			"integrity": "sha512-+u/msd6iu+HvfysUPkZ9VHm83LImmSNnecYPfFI01pQ7TTcsFR+V0BkybZX7mPtIaI7LCrse6YRj+v3eraJSgw==",
			"dev": true,
			"hasInstallScript": true,
			"bin": {
				"esbuild": "bin/esbuild"
			},
			"optionalDependencies": {
				"esbuild-android-arm64": "0.14.7",
				"esbuild-darwin-64": "0.14.7",
				"esbuild-darwin-arm64": "0.14.7",
				"esbuild-freebsd-64": "0.14.7",
				"esbuild-freebsd-arm64": "0.14.7",
				"esbuild-linux-32": "0.14.7",
				"esbuild-linux-64": "0.14.7",
				"esbuild-linux-arm": "0.14.7",
				"esbuild-linux-arm64": "0.14.7",
				"esbuild-linux-mips64le": "0.14.7",
				"esbuild-linux-ppc64le": "0.14.7",
				"esbuild-netbsd-64": "0.14.7",
				"esbuild-openbsd-64": "0.14.7",
				"esbuild-sunos-64": "0.14.7",
				"esbuild-windows-32": "0.14.7",
				"esbuild-windows-64": "0.14.7",
				"esbuild-windows-arm64": "0.14.7"
			}
		},
		"node_modules/esbuild-android-arm64": {
			"version": "0.14.7",
			"resolved": "https://registry.npmjs.org/esbuild-android-arm64/-/esbuild-android-arm64-0.14.7.tgz",
			"integrity": "sha512-9/Q1NC4JErvsXzJKti0NHt+vzKjZOgPIjX/e6kkuCzgfT/GcO3FVBcGIv4HeJG7oMznE6KyKhvLrFgt7CdU2/w==",
			"cpu": [
				"arm64"
			],
			"dev": true,
			"optional": true,
			"os": [
				"android"
			]
		},
		"node_modules/esbuild-darwin-64": {
			"version": "0.14.7",
			"resolved": "https://registry.npmjs.org/esbuild-darwin-64/-/esbuild-darwin-64-0.14.7.tgz",
			"integrity": "sha512-Z9X+3TT/Xj+JiZTVlwHj2P+8GoiSmUnGVz0YZTSt8WTbW3UKw5Pw2ucuJ8VzbD2FPy0jbIKJkko/6CMTQchShQ==",
			"cpu": [
				"x64"
			],
			"dev": true,
			"optional": true,
			"os": [
				"darwin"
			]
		},
		"node_modules/esbuild-darwin-arm64": {
			"version": "0.14.7",
			"resolved": "https://registry.npmjs.org/esbuild-darwin-arm64/-/esbuild-darwin-arm64-0.14.7.tgz",
			"integrity": "sha512-68e7COhmwIiLXBEyxUxZSSU0akgv8t3e50e2QOtKdBUE0F6KIRISzFntLe2rYlNqSsjGWsIO6CCc9tQxijjSkw==",
			"cpu": [
				"arm64"
			],
			"dev": true,
			"optional": true,
			"os": [
				"darwin"
			]
		},
		"node_modules/esbuild-freebsd-64": {
			"version": "0.14.7",
			"resolved": "https://registry.npmjs.org/esbuild-freebsd-64/-/esbuild-freebsd-64-0.14.7.tgz",
			"integrity": "sha512-76zy5jAjPiXX/S3UvRgG85Bb0wy0zv/J2lel3KtHi4V7GUTBfhNUPt0E5bpSXJ6yMT7iThhnA5rOn+IJiUcslQ==",
			"cpu": [
				"x64"
			],
			"dev": true,
			"optional": true,
			"os": [
				"freebsd"
			]
		},
		"node_modules/esbuild-freebsd-arm64": {
			"version": "0.14.7",
			"resolved": "https://registry.npmjs.org/esbuild-freebsd-arm64/-/esbuild-freebsd-arm64-0.14.7.tgz",
			"integrity": "sha512-lSlYNLiqyzd7qCN5CEOmLxn7MhnGHPcu5KuUYOG1i+t5A6q7LgBmfYC9ZHJBoYyow3u4CNu79AWHbvVLpE/VQQ==",
			"cpu": [
				"arm64"
			],
			"dev": true,
			"optional": true,
			"os": [
				"freebsd"
			]
		},
		"node_modules/esbuild-linux-32": {
			"version": "0.14.7",
			"resolved": "https://registry.npmjs.org/esbuild-linux-32/-/esbuild-linux-32-0.14.7.tgz",
			"integrity": "sha512-Vk28u409wVOXqTaT6ek0TnfQG4Ty1aWWfiysIaIRERkNLhzLhUf4i+qJBN8mMuGTYOkE40F0Wkbp6m+IidOp2A==",
			"cpu": [
				"ia32"
			],
			"dev": true,
			"optional": true,
			"os": [
				"linux"
			]
		},
		"node_modules/esbuild-linux-64": {
			"version": "0.14.7",
			"resolved": "https://registry.npmjs.org/esbuild-linux-64/-/esbuild-linux-64-0.14.7.tgz",
			"integrity": "sha512-+Lvz6x+8OkRk3K2RtZwO+0a92jy9si9cUea5Zoru4yJ/6EQm9ENX5seZE0X9DTwk1dxJbjmLsJsd3IoowyzgVg==",
			"cpu": [
				"x64"
			],
			"dev": true,
			"optional": true,
			"os": [
				"linux"
			]
		},
		"node_modules/esbuild-linux-arm": {
			"version": "0.14.7",
			"resolved": "https://registry.npmjs.org/esbuild-linux-arm/-/esbuild-linux-arm-0.14.7.tgz",
			"integrity": "sha512-OzpXEBogbYdcBqE4uKynuSn5YSetCvK03Qv1HcOY1VN6HmReuatjJ21dCH+YPHSpMEF0afVCnNfffvsGEkxGJQ==",
			"cpu": [
				"arm"
			],
			"dev": true,
			"optional": true,
			"os": [
				"linux"
			]
		},
		"node_modules/esbuild-linux-arm64": {
			"version": "0.14.7",
			"resolved": "https://registry.npmjs.org/esbuild-linux-arm64/-/esbuild-linux-arm64-0.14.7.tgz",
			"integrity": "sha512-kJd5beWSqteSAW086qzCEsH6uwpi7QRIpzYWHzEYwKKu9DiG1TwIBegQJmLpPsLp4v5RAFjea0JAmAtpGtRpqg==",
			"cpu": [
				"arm64"
			],
			"dev": true,
			"optional": true,
			"os": [
				"linux"
			]
		},
		"node_modules/esbuild-linux-mips64le": {
			"version": "0.14.7",
			"resolved": "https://registry.npmjs.org/esbuild-linux-mips64le/-/esbuild-linux-mips64le-0.14.7.tgz",
			"integrity": "sha512-mFWpnDhZJmj/h7pxqn1GGDsKwRfqtV7fx6kTF5pr4PfXe8pIaTERpwcKkoCwZUkWAOmUEjMIUAvFM72A6hMZnA==",
			"cpu": [
				"mips64el"
			],
			"dev": true,
			"optional": true,
			"os": [
				"linux"
			]
		},
		"node_modules/esbuild-linux-ppc64le": {
			"version": "0.14.7",
			"resolved": "https://registry.npmjs.org/esbuild-linux-ppc64le/-/esbuild-linux-ppc64le-0.14.7.tgz",
			"integrity": "sha512-wM7f4M0bsQXfDL4JbbYD0wsr8cC8KaQ3RPWc/fV27KdErPW7YsqshZZSjDV0kbhzwpNNdhLItfbaRT8OE8OaKA==",
			"cpu": [
				"ppc64"
			],
			"dev": true,
			"optional": true,
			"os": [
				"linux"
			]
		},
		"node_modules/esbuild-netbsd-64": {
			"version": "0.14.7",
			"resolved": "https://registry.npmjs.org/esbuild-netbsd-64/-/esbuild-netbsd-64-0.14.7.tgz",
			"integrity": "sha512-J/afS7woKyzGgAL5FlgvMyqgt5wQ597lgsT+xc2yJ9/7BIyezeXutXqfh05vszy2k3kSvhLesugsxIA71WsqBw==",
			"cpu": [
				"x64"
			],
			"dev": true,
			"optional": true,
			"os": [
				"netbsd"
			]
		},
		"node_modules/esbuild-openbsd-64": {
			"version": "0.14.7",
			"resolved": "https://registry.npmjs.org/esbuild-openbsd-64/-/esbuild-openbsd-64-0.14.7.tgz",
			"integrity": "sha512-7CcxgdlCD+zAPyveKoznbgr3i0Wnh0L8BDGRCjE/5UGkm5P/NQko51tuIDaYof8zbmXjjl0OIt9lSo4W7I8mrw==",
			"cpu": [
				"x64"
			],
			"dev": true,
			"optional": true,
			"os": [
				"openbsd"
			]
		},
		"node_modules/esbuild-sunos-64": {
			"version": "0.14.7",
			"resolved": "https://registry.npmjs.org/esbuild-sunos-64/-/esbuild-sunos-64-0.14.7.tgz",
			"integrity": "sha512-GKCafP2j/KUljVC3nesw1wLFSZktb2FGCmoT1+730zIF5O6hNroo0bSEofm6ZK5mNPnLiSaiLyRB9YFgtkd5Xg==",
			"cpu": [
				"x64"
			],
			"dev": true,
			"optional": true,
			"os": [
				"sunos"
			]
		},
		"node_modules/esbuild-windows-32": {
			"version": "0.14.7",
			"resolved": "https://registry.npmjs.org/esbuild-windows-32/-/esbuild-windows-32-0.14.7.tgz",
			"integrity": "sha512-5I1GeL/gZoUUdTPA0ws54bpYdtyeA2t6MNISalsHpY269zK8Jia/AXB3ta/KcDHv2SvNwabpImeIPXC/k0YW6A==",
			"cpu": [
				"ia32"
			],
			"dev": true,
			"optional": true,
			"os": [
				"win32"
			]
		},
		"node_modules/esbuild-windows-64": {
			"version": "0.14.7",
			"resolved": "https://registry.npmjs.org/esbuild-windows-64/-/esbuild-windows-64-0.14.7.tgz",
			"integrity": "sha512-CIGKCFpQOSlYsLMbxt8JjxxvVw9MlF1Rz2ABLVfFyHUF5OeqHD5fPhGrCVNaVrhO8Xrm+yFmtjcZudUGr5/WYQ==",
			"cpu": [
				"x64"
			],
			"dev": true,
			"optional": true,
			"os": [
				"win32"
			]
		},
		"node_modules/esbuild-windows-arm64": {
			"version": "0.14.7",
			"resolved": "https://registry.npmjs.org/esbuild-windows-arm64/-/esbuild-windows-arm64-0.14.7.tgz",
			"integrity": "sha512-eOs1eSivOqN7cFiRIukEruWhaCf75V0N8P0zP7dh44LIhLl8y6/z++vv9qQVbkBm5/D7M7LfCfCTmt1f1wHOCw==",
			"cpu": [
				"arm64"
			],
			"dev": true,
			"optional": true,
			"os": [
				"win32"
			]
		},
		"node_modules/js-tokens": {
			"version": "4.0.0",
			"resolved": "https://registry.npmjs.org/js-tokens/-/js-tokens-4.0.0.tgz",
			"integrity": "sha512-RdJUflcE3cUzKiMqQgsCu06FPu9UdIJO0beYbPhHN4k6apgJtifcoCtT9bcxOpYBtpD2kCM6Sbzg4CausW/PKQ=="
		},
		"node_modules/lezer-circom": {
			"version": "0.0.3",
			"resolved": "https://registry.npmjs.org/lezer-circom/-/lezer-circom-0.0.3.tgz",
			"integrity": "sha512-zsq2rRWerpXe6juk8A6XUNAJgYkR5Hy/LHRjf4IVBO54hCLpqWvAmW8YVq41qLmGpUNFmudisRbQNb/KMOk9UQ==",
			"dependencies": {
				"@lezer/common": "^0.15.7",
				"@lezer/lr": "^0.15.4"
			}
		},
		"node_modules/loose-envify": {
			"version": "1.4.0",
			"resolved": "https://registry.npmjs.org/loose-envify/-/loose-envify-1.4.0.tgz",
			"integrity": "sha512-lyuxPGr/Wfhrlem2CL/UcnUc1zcqKAImBDzukY7Y5F/yQiNdko6+fRLevlw1HgMySw7f611UIY408EtxRSoK3Q==",
			"dependencies": {
				"js-tokens": "^3.0.0 || ^4.0.0"
			},
			"bin": {
				"loose-envify": "cli.js"
			}
		},
		"node_modules/object-assign": {
			"version": "4.1.1",
			"resolved": "https://registry.npmjs.org/object-assign/-/object-assign-4.1.1.tgz",
			"integrity": "sha1-IQmtx5ZYh8/AXLvUQsrIv7s2CGM=",
			"engines": {
				"node": ">=0.10.0"
			}
		},
		"node_modules/react": {
			"version": "17.0.2",
			"resolved": "https://registry.npmjs.org/react/-/react-17.0.2.tgz",
			"integrity": "sha512-gnhPt75i/dq/z3/6q/0asP78D0u592D5L1pd7M8P+dck6Fu/jJeL6iVVK23fptSUZj8Vjf++7wXA8UNclGQcbA==",
			"dependencies": {
				"loose-envify": "^1.1.0",
				"object-assign": "^4.1.1"
			},
			"engines": {
				"node": ">=0.10.0"
			}
		},
		"node_modules/react-dom": {
			"version": "17.0.2",
			"resolved": "https://registry.npmjs.org/react-dom/-/react-dom-17.0.2.tgz",
			"integrity": "sha512-s4h96KtLDUQlsENhMn1ar8t2bEa+q/YAtj8pPPdIjPDGBDIVNsrD9aXNWqspUe6AzKCIG0C1HZZLqLV7qpOBGA==",
			"dependencies": {
				"loose-envify": "^1.1.0",
				"object-assign": "^4.1.1",
				"scheduler": "^0.20.2"
			},
			"peerDependencies": {
				"react": "17.0.2"
			}
		},
		"node_modules/scheduler": {
			"version": "0.20.2",
			"resolved": "https://registry.npmjs.org/scheduler/-/scheduler-0.20.2.tgz",
			"integrity": "sha512-2eWfGgAqqWFGqtdMmcL5zCMK1U8KlXv8SQFGglL3CEtd0aDVDWgeF/YoCmvln55m5zSk3J/20hTaSBeSObsQDQ==",
			"dependencies": {
				"loose-envify": "^1.1.0",
				"object-assign": "^4.1.1"
			}
		},
		"node_modules/style-mod": {
			"version": "4.0.0",
			"resolved": "https://registry.npmjs.org/style-mod/-/style-mod-4.0.0.tgz",
			"integrity": "sha512-OPhtyEjyyN9x3nhPsu76f52yUGXiZcgvsrFVtvTkyGRQJ0XK+GPc6ov1z+lRpbeabka+MYEQxOYRnt5nF30aMw=="
		},
		"node_modules/w3c-keyname": {
			"version": "2.2.4",
			"resolved": "https://registry.npmjs.org/w3c-keyname/-/w3c-keyname-2.2.4.tgz",
			"integrity": "sha512-tOhfEwEzFLJzf6d1ZPkYfGj+FWhIpBux9ppoP3rlclw3Z0BZv3N7b7030Z1kYth+6rDuAsXUFr+d0VE6Ed1ikw=="
		}
	},
	"dependencies": {
		"@codemirror/autocomplete": {
			"version": "0.19.9",
			"resolved": "https://registry.npmjs.org/@codemirror/autocomplete/-/autocomplete-0.19.9.tgz",
			"integrity": "sha512-Ph1LWHtFFqNUIqEVrws6I263ihe5TH+TRBPwxQ78j7st7Q67FDAmgKX6mNbUPh02dxfqQrc9qxlo5JIqKeiVdg==",
			"requires": {
				"@codemirror/language": "^0.19.0",
				"@codemirror/state": "^0.19.4",
				"@codemirror/text": "^0.19.2",
				"@codemirror/tooltip": "^0.19.0",
				"@codemirror/view": "^0.19.0",
				"@lezer/common": "^0.15.0"
			}
		},
		"@codemirror/basic-setup": {
			"version": "0.19.1",
			"resolved": "https://registry.npmjs.org/@codemirror/basic-setup/-/basic-setup-0.19.1.tgz",
			"integrity": "sha512-gLjD7YgZU/we6BzS/ecCmD3viw83dsgv5ZUaSydYbYx9X4w4w9RqYnckcJ+0GDyHfNr5Jtfv2Z5ZtFQnBj0UDA==",
			"requires": {
				"@codemirror/autocomplete": "^0.19.0",
				"@codemirror/closebrackets": "^0.19.0",
				"@codemirror/commands": "^0.19.0",
				"@codemirror/comment": "^0.19.0",
				"@codemirror/fold": "^0.19.0",
				"@codemirror/gutter": "^0.19.0",
				"@codemirror/highlight": "^0.19.0",
				"@codemirror/history": "^0.19.0",
				"@codemirror/language": "^0.19.0",
				"@codemirror/lint": "^0.19.0",
				"@codemirror/matchbrackets": "^0.19.0",
				"@codemirror/rectangular-selection": "^0.19.0",
				"@codemirror/search": "^0.19.0",
				"@codemirror/state": "^0.19.0",
				"@codemirror/view": "^0.19.31"
			}
		},
		"@codemirror/closebrackets": {
			"version": "0.19.0",
			"resolved": "https://registry.npmjs.org/@codemirror/closebrackets/-/closebrackets-0.19.0.tgz",
			"integrity": "sha512-dFWX5OEVYWRNtGaifSbwIAlymnRRjxWMiMbffbAjF7p0zfGHDbdGkiT56q3Xud63h5/tQdSo5dK1iyNTzHz5vg==",
			"requires": {
				"@codemirror/language": "^0.19.0",
				"@codemirror/rangeset": "^0.19.0",
				"@codemirror/state": "^0.19.0",
				"@codemirror/text": "^0.19.0",
				"@codemirror/view": "^0.19.0"
			}
		},
		"@codemirror/commands": {
			"version": "0.19.6",
			"resolved": "https://registry.npmjs.org/@codemirror/commands/-/commands-0.19.6.tgz",
			"integrity": "sha512-Mjc3ZfTifOn0h5499xI3MfCVIZvO2I0ochgzxfRtPOFwfXX/k7HTgnK0/KzuGDINyxUVeDaFCkf53TyyWjdxMQ==",
			"requires": {
				"@codemirror/language": "^0.19.0",
				"@codemirror/matchbrackets": "^0.19.0",
				"@codemirror/state": "^0.19.2",
				"@codemirror/text": "^0.19.0",
				"@codemirror/view": "^0.19.22",
				"@lezer/common": "^0.15.0"
			}
		},
		"@codemirror/comment": {
			"version": "0.19.0",
			"resolved": "https://registry.npmjs.org/@codemirror/comment/-/comment-0.19.0.tgz",
			"integrity": "sha512-3hqAd0548fxqOBm4khFMcXVIivX8p0bSlbAuZJ6PNoUn/0wXhxkxowPp0FmFzU2+y37Z+ZQF5cRB5EREWPRIiQ==",
			"requires": {
				"@codemirror/state": "^0.19.0",
				"@codemirror/text": "^0.19.0",
				"@codemirror/view": "^0.19.0"
			}
		},
		"@codemirror/fold": {
			"version": "0.19.2",
			"resolved": "https://registry.npmjs.org/@codemirror/fold/-/fold-0.19.2.tgz",
			"integrity": "sha512-FLi6RBhHPBnSbKZEu1S98z+VYSP5678cMdYVqhR58OWWTkEiLRVPeCTj8FhRKNL9B8Gx+lBQhGq3uwr3KtSs8w==",
			"requires": {
				"@codemirror/gutter": "^0.19.0",
				"@codemirror/language": "^0.19.0",
				"@codemirror/rangeset": "^0.19.0",
				"@codemirror/state": "^0.19.0",
				"@codemirror/view": "^0.19.22"
			}
		},
		"@codemirror/gutter": {
			"version": "0.19.9",
			"resolved": "https://registry.npmjs.org/@codemirror/gutter/-/gutter-0.19.9.tgz",
			"integrity": "sha512-PFrtmilahin1g6uL27aG5tM/rqR9DZzZYZsIrCXA5Uc2OFTFqx4owuhoU9hqfYxHp5ovfvBwQ+txFzqS4vog6Q==",
			"requires": {
				"@codemirror/rangeset": "^0.19.0",
				"@codemirror/state": "^0.19.0",
				"@codemirror/view": "^0.19.23"
			}
		},
		"@codemirror/highlight": {
			"version": "0.19.6",
			"resolved": "https://registry.npmjs.org/@codemirror/highlight/-/highlight-0.19.6.tgz",
			"integrity": "sha512-+eibu6on9quY8uN3xJ/n3rH+YIDLlpX7YulVmFvqAIz/ukRQ5tWaBmB7fMixHmnmRIRBRZgB8rNtonuMwZSAHQ==",
			"requires": {
				"@codemirror/language": "^0.19.0",
				"@codemirror/rangeset": "^0.19.0",
				"@codemirror/state": "^0.19.0",
				"@codemirror/view": "^0.19.0",
				"@lezer/common": "^0.15.0",
				"style-mod": "^4.0.0"
			}
		},
		"@codemirror/history": {
			"version": "0.19.0",
			"resolved": "https://registry.npmjs.org/@codemirror/history/-/history-0.19.0.tgz",
			"integrity": "sha512-E0H+lncH66IMDhaND9jgkjE7s0dhYfjCPmS+Ig2Yes9I8+UIEecIdObj8c8HPCFGctGg3fxXqRAw2mdHl2Wouw==",
			"requires": {
				"@codemirror/state": "^0.19.0",
				"@codemirror/view": "^0.19.0"
			}
		},
		"@codemirror/language": {
			"version": "0.19.7",
			"resolved": "https://registry.npmjs.org/@codemirror/language/-/language-0.19.7.tgz",
			"integrity": "sha512-pNNUtYWMIMG0lUSKyUXJr8U0rFiCKsKFXbA2Oj17PC+S1FY99hV0z1vcntW67ekAIZw9DMEUQnLsKBuIbAUX7Q==",
			"requires": {
				"@codemirror/state": "^0.19.0",
				"@codemirror/text": "^0.19.0",
				"@codemirror/view": "^0.19.0",
				"@lezer/common": "^0.15.5",
				"@lezer/lr": "^0.15.0"
			}
		},
		"@codemirror/lint": {
			"version": "0.19.3",
			"resolved": "https://registry.npmjs.org/@codemirror/lint/-/lint-0.19.3.tgz",
			"integrity": "sha512-+c39s05ybD2NjghxkPFsUbH/qBL0cdzKmtHbzUm0RVspeL2OiP7uHYJ6J5+Qr9RjMIPWzcqSauRqxfmCrctUfg==",
			"requires": {
				"@codemirror/gutter": "^0.19.4",
				"@codemirror/panel": "^0.19.0",
				"@codemirror/rangeset": "^0.19.1",
				"@codemirror/state": "^0.19.4",
				"@codemirror/tooltip": "^0.19.5",
				"@codemirror/view": "^0.19.0",
				"crelt": "^1.0.5"
			}
		},
		"@codemirror/matchbrackets": {
			"version": "0.19.3",
			"resolved": "https://registry.npmjs.org/@codemirror/matchbrackets/-/matchbrackets-0.19.3.tgz",
			"integrity": "sha512-ljkrBxaLgh8jesroUiBa57pdEwqJamxkukXrJpL9LdyFZVJaF+9TldhztRaMsMZO1XnCSSHQ9sg32iuHo7Sc2g==",
			"requires": {
				"@codemirror/language": "^0.19.0",
				"@codemirror/state": "^0.19.0",
				"@codemirror/view": "^0.19.0",
				"@lezer/common": "^0.15.0"
			}
		},
		"@codemirror/panel": {
			"version": "0.19.1",
			"resolved": "https://registry.npmjs.org/@codemirror/panel/-/panel-0.19.1.tgz",
			"integrity": "sha512-sYeOCMA3KRYxZYJYn5PNlt9yNsjy3zTNTrbYSfVgjgL9QomIVgOJWPO5hZ2sTN8lufO6lw0vTBsIPL9MSidmBg==",
			"requires": {
				"@codemirror/state": "^0.19.0",
				"@codemirror/view": "^0.19.0"
			}
		},
		"@codemirror/rangeset": {
			"version": "0.19.5",
			"resolved": "https://registry.npmjs.org/@codemirror/rangeset/-/rangeset-0.19.5.tgz",
			"integrity": "sha512-L3b+RIwIRKOJ3pJLOtpkxCUjGnxZKFyPb0CjYWKnVLuzEIaEExWWK7sp6rsejxOy8RjYzfCHlFhYB4UdQN7brw==",
			"requires": {
				"@codemirror/state": "^0.19.0"
			}
		},
		"@codemirror/rectangular-selection": {
			"version": "0.19.1",
			"resolved": "https://registry.npmjs.org/@codemirror/rectangular-selection/-/rectangular-selection-0.19.1.tgz",
			"integrity": "sha512-9ElnqOg3mpZIWe0prPRd1SZ48Q9QB3bR8Aocq8UtjboJSUG8ABhRrbuTZMW/rMqpBPSjVpCe9xkCCkEQMYQVmw==",
			"requires": {
				"@codemirror/state": "^0.19.0",
				"@codemirror/text": "^0.19.4",
				"@codemirror/view": "^0.19.0"
			}
		},
		"@codemirror/search": {
			"version": "0.19.5",
			"resolved": "https://registry.npmjs.org/@codemirror/search/-/search-0.19.5.tgz",
			"integrity": "sha512-9kbtCBpMDlzcj7AptMRBx9BZpC5wz+/tG8nIe4vdpOszP08ZY2AcxN5nlhCoUSZu+pd0b6fYiwjLXOf000rRpw==",
			"requires": {
				"@codemirror/panel": "^0.19.0",
				"@codemirror/rangeset": "^0.19.0",
				"@codemirror/state": "^0.19.3",
				"@codemirror/text": "^0.19.0",
				"@codemirror/view": "^0.19.0",
				"crelt": "^1.0.5"
			}
		},
		"@codemirror/state": {
			"version": "0.19.6",
			"resolved": "https://registry.npmjs.org/@codemirror/state/-/state-0.19.6.tgz",
			"integrity": "sha512-sqIQZE9VqwQj7D4c2oz9mfLhlT1ElAzGB5lO1lE33BPyrdNy1cJyCIOecT4cn4VeJOFrnjOeu+IftZ3zqdFETw==",
			"requires": {
				"@codemirror/text": "^0.19.0"
			}
		},
		"@codemirror/text": {
			"version": "0.19.5",
			"resolved": "https://registry.npmjs.org/@codemirror/text/-/text-0.19.5.tgz",
			"integrity": "sha512-Syu5Xc7tZzeUAM/y4fETkT0zgGr48rDG+w4U38bPwSIUr+L9S/7w2wDE1WGNzjaZPz12F6gb1gxWiSTg9ocLow=="
		},
		"@codemirror/tooltip": {
			"version": "0.19.10",
			"resolved": "https://registry.npmjs.org/@codemirror/tooltip/-/tooltip-0.19.10.tgz",
			"integrity": "sha512-xqIhCHr+IYoamdNLvBnU/oDh92zPnsbT1zLaFtKTFi9GI9SxOfBhWY3jfMENlK0j1C9rk8+AvwpXblPGvY/O6w==",
			"requires": {
				"@codemirror/state": "^0.19.0",
				"@codemirror/view": "^0.19.0"
			}
		},
		"@codemirror/view": {
			"version": "0.19.36",
			"resolved": "https://registry.npmjs.org/@codemirror/view/-/view-0.19.36.tgz",
			"integrity": "sha512-GvLLhQAdVyR5BxFprxDKpU2C8eQXdGwRvrtvyGFHH4h3ikYO5JH6PbhU+7l7hFJzI9QzmYn/0/eNVw+2Y537pA==",
			"requires": {
				"@codemirror/rangeset": "^0.19.5",
				"@codemirror/state": "^0.19.3",
				"@codemirror/text": "^0.19.0",
				"style-mod": "^4.0.0",
				"w3c-keyname": "^2.2.4"
			}
		},
		"@lezer/common": {
			"version": "0.15.11",
			"resolved": "https://registry.npmjs.org/@lezer/common/-/common-0.15.11.tgz",
			"integrity": "sha512-vv0nSdIaVCRcJ8rPuDdsrNVfBOYe/4Szr/LhF929XyDmBndLDuWiCCHooGlGlJfzELyO608AyDhVsuX/ZG36NA=="
		},
		"@lezer/lr": {
			"version": "0.15.5",
			"resolved": "https://registry.npmjs.org/@lezer/lr/-/lr-0.15.5.tgz",
			"integrity": "sha512-DEcLyhdmBxD1foQe7RegLrSlfS/XaTMGLkO5evkzHWAQKh/JnFWp7j7iNB7s2EpxzRrBCh0U+W7JDCeFhv2mng==",
			"requires": {
				"@lezer/common": "^0.15.0"
			}
		},
		"@types/prop-types": {
			"version": "15.7.4",
			"resolved": "https://registry.npmjs.org/@types/prop-types/-/prop-types-15.7.4.tgz",
			"integrity": "sha512-rZ5drC/jWjrArrS8BR6SIr4cWpW09RNTYt9AMZo3Jwwif+iacXAqgVjm0B0Bv/S1jhDXKHqRVNCbACkJ89RAnQ=="
		},
		"@types/react": {
			"version": "17.0.37",
			"resolved": "https://registry.npmjs.org/@types/react/-/react-17.0.37.tgz",
			"integrity": "sha512-2FS1oTqBGcH/s0E+CjrCCR9+JMpsu9b69RTFO+40ua43ZqP5MmQ4iUde/dMjWR909KxZwmOQIFq6AV6NjEG5xg==",
			"requires": {
				"@types/prop-types": "*",
				"@types/scheduler": "*",
				"csstype": "^3.0.2"
			}
		},
		"@types/react-dom": {
			"version": "17.0.11",
			"resolved": "https://registry.npmjs.org/@types/react-dom/-/react-dom-17.0.11.tgz",
			"integrity": "sha512-f96K3k+24RaLGVu/Y2Ng3e1EbZ8/cVJvypZWd7cy0ofCBaf2lcM46xNhycMZ2xGwbBjRql7hOlZ+e2WlJ5MH3Q==",
			"requires": {
				"@types/react": "*"
			}
		},
		"@types/scheduler": {
			"version": "0.16.2",
			"resolved": "https://registry.npmjs.org/@types/scheduler/-/scheduler-0.16.2.tgz",
			"integrity": "sha512-hppQEBDmlwhFAXKJX2KnWLYu5yMfi91yazPb2l+lbJiwW+wdo1gNeRA+3RgNSO39WYX2euey41KEwnqesU2Jew=="
		},
		"codemirror-lang-circom": {
			"version": "0.0.5",
			"resolved": "https://registry.npmjs.org/codemirror-lang-circom/-/codemirror-lang-circom-0.0.5.tgz",
			"integrity": "sha512-hFByfYTqlLN0YpPDH0MMwDInsBJkhY4ZzGpCfGLRhdVFysKOWrzPHq0vRKPS7PGwzN8uqk0AFRVcAh2PmaPoyw==",
			"requires": {
				"@codemirror/highlight": "^0.19.6",
				"@codemirror/language": "^0.19.5",
				"@codemirror/lint": "^0.19.3",
				"@lezer/common": "^0.15.8",
				"lezer-circom": "0.0.3"
			}
		},
		"crelt": {
			"version": "1.0.5",
			"resolved": "https://registry.npmjs.org/crelt/-/crelt-1.0.5.tgz",
			"integrity": "sha512-+BO9wPPi+DWTDcNYhr/W90myha8ptzftZT+LwcmUbbok0rcP/fequmFYCw8NMoH7pkAZQzU78b3kYrlua5a9eA=="
		},
		"csstype": {
			"version": "3.0.10",
			"resolved": "https://registry.npmjs.org/csstype/-/csstype-3.0.10.tgz",
			"integrity": "sha512-2u44ZG2OcNUO9HDp/Jl8C07x6pU/eTR3ncV91SiK3dhG9TWvRVsCoJw14Ckx5DgWkzGA3waZWO3d7pgqpUI/XA=="
		},
		"esbuild": {
			"version": "0.14.7",
			"resolved": "https://registry.npmjs.org/esbuild/-/esbuild-0.14.7.tgz",
			"integrity": "sha512-+u/msd6iu+HvfysUPkZ9VHm83LImmSNnecYPfFI01pQ7TTcsFR+V0BkybZX7mPtIaI7LCrse6YRj+v3eraJSgw==",
			"dev": true,
			"requires": {
				"esbuild-android-arm64": "0.14.7",
				"esbuild-darwin-64": "0.14.7",
				"esbuild-darwin-arm64": "0.14.7",
				"esbuild-freebsd-64": "0.14.7",
				"esbuild-freebsd-arm64": "0.14.7",
				"esbuild-linux-32": "0.14.7",
				"esbuild-linux-64": "0.14.7",
				"esbuild-linux-arm": "0.14.7",
				"esbuild-linux-arm64": "0.14.7",
				"esbuild-linux-mips64le": "0.14.7",
				"esbuild-linux-ppc64le": "0.14.7",
				"esbuild-netbsd-64": "0.14.7",
				"esbuild-openbsd-64": "0.14.7",
				"esbuild-sunos-64": "0.14.7",
				"esbuild-windows-32": "0.14.7",
				"esbuild-windows-64": "0.14.7",
				"esbuild-windows-arm64": "0.14.7"
			}
		},
		"esbuild-android-arm64": {
			"version": "0.14.7",
			"resolved": "https://registry.npmjs.org/esbuild-android-arm64/-/esbuild-android-arm64-0.14.7.tgz",
			"integrity": "sha512-9/Q1NC4JErvsXzJKti0NHt+vzKjZOgPIjX/e6kkuCzgfT/GcO3FVBcGIv4HeJG7oMznE6KyKhvLrFgt7CdU2/w==",
			"dev": true,
			"optional": true
		},
		"esbuild-darwin-64": {
			"version": "0.14.7",
			"resolved": "https://registry.npmjs.org/esbuild-darwin-64/-/esbuild-darwin-64-0.14.7.tgz",
			"integrity": "sha512-Z9X+3TT/Xj+JiZTVlwHj2P+8GoiSmUnGVz0YZTSt8WTbW3UKw5Pw2ucuJ8VzbD2FPy0jbIKJkko/6CMTQchShQ==",
			"dev": true,
			"optional": true
		},
		"esbuild-darwin-arm64": {
			"version": "0.14.7",
			"resolved": "https://registry.npmjs.org/esbuild-darwin-arm64/-/esbuild-darwin-arm64-0.14.7.tgz",
			"integrity": "sha512-68e7COhmwIiLXBEyxUxZSSU0akgv8t3e50e2QOtKdBUE0F6KIRISzFntLe2rYlNqSsjGWsIO6CCc9tQxijjSkw==",
			"dev": true,
			"optional": true
		},
		"esbuild-freebsd-64": {
			"version": "0.14.7",
			"resolved": "https://registry.npmjs.org/esbuild-freebsd-64/-/esbuild-freebsd-64-0.14.7.tgz",
			"integrity": "sha512-76zy5jAjPiXX/S3UvRgG85Bb0wy0zv/J2lel3KtHi4V7GUTBfhNUPt0E5bpSXJ6yMT7iThhnA5rOn+IJiUcslQ==",
			"dev": true,
			"optional": true
		},
		"esbuild-freebsd-arm64": {
			"version": "0.14.7",
			"resolved": "https://registry.npmjs.org/esbuild-freebsd-arm64/-/esbuild-freebsd-arm64-0.14.7.tgz",
			"integrity": "sha512-lSlYNLiqyzd7qCN5CEOmLxn7MhnGHPcu5KuUYOG1i+t5A6q7LgBmfYC9ZHJBoYyow3u4CNu79AWHbvVLpE/VQQ==",
			"dev": true,
			"optional": true
		},
		"esbuild-linux-32": {
			"version": "0.14.7",
			"resolved": "https://registry.npmjs.org/esbuild-linux-32/-/esbuild-linux-32-0.14.7.tgz",
			"integrity": "sha512-Vk28u409wVOXqTaT6ek0TnfQG4Ty1aWWfiysIaIRERkNLhzLhUf4i+qJBN8mMuGTYOkE40F0Wkbp6m+IidOp2A==",
			"dev": true,
			"optional": true
		},
		"esbuild-linux-64": {
			"version": "0.14.7",
			"resolved": "https://registry.npmjs.org/esbuild-linux-64/-/esbuild-linux-64-0.14.7.tgz",
			"integrity": "sha512-+Lvz6x+8OkRk3K2RtZwO+0a92jy9si9cUea5Zoru4yJ/6EQm9ENX5seZE0X9DTwk1dxJbjmLsJsd3IoowyzgVg==",
			"dev": true,
			"optional": true
		},
		"esbuild-linux-arm": {
			"version": "0.14.7",
			"resolved": "https://registry.npmjs.org/esbuild-linux-arm/-/esbuild-linux-arm-0.14.7.tgz",
			"integrity": "sha512-OzpXEBogbYdcBqE4uKynuSn5YSetCvK03Qv1HcOY1VN6HmReuatjJ21dCH+YPHSpMEF0afVCnNfffvsGEkxGJQ==",
			"dev": true,
			"optional": true
		},
		"esbuild-linux-arm64": {
			"version": "0.14.7",
			"resolved": "https://registry.npmjs.org/esbuild-linux-arm64/-/esbuild-linux-arm64-0.14.7.tgz",
			"integrity": "sha512-kJd5beWSqteSAW086qzCEsH6uwpi7QRIpzYWHzEYwKKu9DiG1TwIBegQJmLpPsLp4v5RAFjea0JAmAtpGtRpqg==",
			"dev": true,
			"optional": true
		},
		"esbuild-linux-mips64le": {
			"version": "0.14.7",
			"resolved": "https://registry.npmjs.org/esbuild-linux-mips64le/-/esbuild-linux-mips64le-0.14.7.tgz",
			"integrity": "sha512-mFWpnDhZJmj/h7pxqn1GGDsKwRfqtV7fx6kTF5pr4PfXe8pIaTERpwcKkoCwZUkWAOmUEjMIUAvFM72A6hMZnA==",
			"dev": true,
			"optional": true
		},
		"esbuild-linux-ppc64le": {
			"version": "0.14.7",
			"resolved": "https://registry.npmjs.org/esbuild-linux-ppc64le/-/esbuild-linux-ppc64le-0.14.7.tgz",
			"integrity": "sha512-wM7f4M0bsQXfDL4JbbYD0wsr8cC8KaQ3RPWc/fV27KdErPW7YsqshZZSjDV0kbhzwpNNdhLItfbaRT8OE8OaKA==",
			"dev": true,
			"optional": true
		},
		"esbuild-netbsd-64": {
			"version": "0.14.7",
			"resolved": "https://registry.npmjs.org/esbuild-netbsd-64/-/esbuild-netbsd-64-0.14.7.tgz",
			"integrity": "sha512-J/afS7woKyzGgAL5FlgvMyqgt5wQ597lgsT+xc2yJ9/7BIyezeXutXqfh05vszy2k3kSvhLesugsxIA71WsqBw==",
			"dev": true,
			"optional": true
		},
		"esbuild-openbsd-64": {
			"version": "0.14.7",
			"resolved": "https://registry.npmjs.org/esbuild-openbsd-64/-/esbuild-openbsd-64-0.14.7.tgz",
			"integrity": "sha512-7CcxgdlCD+zAPyveKoznbgr3i0Wnh0L8BDGRCjE/5UGkm5P/NQko51tuIDaYof8zbmXjjl0OIt9lSo4W7I8mrw==",
			"dev": true,
			"optional": true
		},
		"esbuild-sunos-64": {
			"version": "0.14.7",
			"resolved": "https://registry.npmjs.org/esbuild-sunos-64/-/esbuild-sunos-64-0.14.7.tgz",
			"integrity": "sha512-GKCafP2j/KUljVC3nesw1wLFSZktb2FGCmoT1+730zIF5O6hNroo0bSEofm6ZK5mNPnLiSaiLyRB9YFgtkd5Xg==",
			"dev": true,
			"optional": true
		},
		"esbuild-windows-32": {
			"version": "0.14.7",
			"resolved": "https://registry.npmjs.org/esbuild-windows-32/-/esbuild-windows-32-0.14.7.tgz",
			"integrity": "sha512-5I1GeL/gZoUUdTPA0ws54bpYdtyeA2t6MNISalsHpY269zK8Jia/AXB3ta/KcDHv2SvNwabpImeIPXC/k0YW6A==",
			"dev": true,
			"optional": true
		},
		"esbuild-windows-64": {
			"version": "0.14.7",
			"resolved": "https://registry.npmjs.org/esbuild-windows-64/-/esbuild-windows-64-0.14.7.tgz",
			"integrity": "sha512-CIGKCFpQOSlYsLMbxt8JjxxvVw9MlF1Rz2ABLVfFyHUF5OeqHD5fPhGrCVNaVrhO8Xrm+yFmtjcZudUGr5/WYQ==",
			"dev": true,
			"optional": true
		},
		"esbuild-windows-arm64": {
			"version": "0.14.7",
			"resolved": "https://registry.npmjs.org/esbuild-windows-arm64/-/esbuild-windows-arm64-0.14.7.tgz",
			"integrity": "sha512-eOs1eSivOqN7cFiRIukEruWhaCf75V0N8P0zP7dh44LIhLl8y6/z++vv9qQVbkBm5/D7M7LfCfCTmt1f1wHOCw==",
			"dev": true,
			"optional": true
		},
		"js-tokens": {
			"version": "4.0.0",
			"resolved": "https://registry.npmjs.org/js-tokens/-/js-tokens-4.0.0.tgz",
			"integrity": "sha512-RdJUflcE3cUzKiMqQgsCu06FPu9UdIJO0beYbPhHN4k6apgJtifcoCtT9bcxOpYBtpD2kCM6Sbzg4CausW/PKQ=="
		},
		"lezer-circom": {
			"version": "0.0.3",
			"resolved": "https://registry.npmjs.org/lezer-circom/-/lezer-circom-0.0.3.tgz",
			"integrity": "sha512-zsq2rRWerpXe6juk8A6XUNAJgYkR5Hy/LHRjf4IVBO54hCLpqWvAmW8YVq41qLmGpUNFmudisRbQNb/KMOk9UQ==",
			"requires": {
				"@lezer/common": "^0.15.7",
				"@lezer/lr": "^0.15.4"
			}
		},
		"loose-envify": {
			"version": "1.4.0",
			"resolved": "https://registry.npmjs.org/loose-envify/-/loose-envify-1.4.0.tgz",
			"integrity": "sha512-lyuxPGr/Wfhrlem2CL/UcnUc1zcqKAImBDzukY7Y5F/yQiNdko6+fRLevlw1HgMySw7f611UIY408EtxRSoK3Q==",
			"requires": {
				"js-tokens": "^3.0.0 || ^4.0.0"
			}
		},
		"object-assign": {
			"version": "4.1.1",
			"resolved": "https://registry.npmjs.org/object-assign/-/object-assign-4.1.1.tgz",
			"integrity": "sha1-IQmtx5ZYh8/AXLvUQsrIv7s2CGM="
		},
		"react": {
			"version": "17.0.2",
			"resolved": "https://registry.npmjs.org/react/-/react-17.0.2.tgz",
			"integrity": "sha512-gnhPt75i/dq/z3/6q/0asP78D0u592D5L1pd7M8P+dck6Fu/jJeL6iVVK23fptSUZj8Vjf++7wXA8UNclGQcbA==",
			"requires": {
				"loose-envify": "^1.1.0",
				"object-assign": "^4.1.1"
			}
		},
		"react-dom": {
			"version": "17.0.2",
			"resolved": "https://registry.npmjs.org/react-dom/-/react-dom-17.0.2.tgz",
			"integrity": "sha512-s4h96KtLDUQlsENhMn1ar8t2bEa+q/YAtj8pPPdIjPDGBDIVNsrD9aXNWqspUe6AzKCIG0C1HZZLqLV7qpOBGA==",
			"requires": {
				"loose-envify": "^1.1.0",
				"object-assign": "^4.1.1",
				"scheduler": "^0.20.2"
			}
		},
		"scheduler": {
			"version": "0.20.2",
			"resolved": "https://registry.npmjs.org/scheduler/-/scheduler-0.20.2.tgz",
			"integrity": "sha512-2eWfGgAqqWFGqtdMmcL5zCMK1U8KlXv8SQFGglL3CEtd0aDVDWgeF/YoCmvln55m5zSk3J/20hTaSBeSObsQDQ==",
			"requires": {
				"loose-envify": "^1.1.0",
				"object-assign": "^4.1.1"
			}
		},
		"style-mod": {
			"version": "4.0.0",
			"resolved": "https://registry.npmjs.org/style-mod/-/style-mod-4.0.0.tgz",
			"integrity": "sha512-OPhtyEjyyN9x3nhPsu76f52yUGXiZcgvsrFVtvTkyGRQJ0XK+GPc6ov1z+lRpbeabka+MYEQxOYRnt5nF30aMw=="
		},
		"w3c-keyname": {
			"version": "2.2.4",
			"resolved": "https://registry.npmjs.org/w3c-keyname/-/w3c-keyname-2.2.4.tgz",
			"integrity": "sha512-tOhfEwEzFLJzf6d1ZPkYfGj+FWhIpBux9ppoP3rlclw3Z0BZv3N7b7030Z1kYth+6rDuAsXUFr+d0VE6Ed1ikw=="
		}
	}
}
